
Microsoft Visual Studio Solution File, Format Version 12.00
# Visual Studio Version 17
VisualStudioVersion = 17.9.34701.34
MinimumVisualStudioVersion = 10.0.40219.1
Project("{2150E333-8FDC-42A3-9474-1A3956D46DE8}") = "SimpleFactory", "SimpleFactory", "{1C5BE8D0-1B77-42FA-9631-08ED330D2161}"
EndProject
Project("{FAE04EC0-301F-11D3-BF4B-00C04F79EFBC}") = "Pizza_WithoutSimpleFactory", "Pizza_WithoutSimpleFactory\Pizza_WithoutSimpleFactory.csproj", "{2D316E2E-CC0D-4501-8182-2C87B918027D}"
EndProject
Project("{FAE04EC0-301F-11D3-BF4B-00C04F79EFBC}") = "PizzaSimpleFactory", "PizzaSimpleFactory\PizzaSimpleFactory.csproj", "{5EE705B4-1975-49AD-A6A6-6E301FB18E2D}"
EndProject
Global
	GlobalSection(SolutionConfigurationPlatforms) = preSolution
		Debug|Any CPU = Debug|Any CPU
		Release|Any CPU = Release|Any CPU
	EndGlobalSection
	GlobalSection(ProjectConfigurationPlatforms) = postSolution
		{2D316E2E-CC0D-4501-8182-2C87B918027D}.Debug|Any CPU.ActiveCfg = Debug|Any CPU
		{2D316E2E-CC0D-4501-8182-2C87B918027D}.Debug|Any CPU.Build.0 = Debug|Any CPU
		{2D316E2E-CC0D-4501-8182-2C87B918027D}.Release|Any CPU.ActiveCfg = Release|Any CPU
		{2D316E2E-CC0D-4501-8182-2C87B918027D}.Release|Any CPU.Build.0 = Release|Any CPU
		{5EE705B4-1975-49AD-A6A6-6E301FB18E2D}.Debug|Any CPU.ActiveCfg = Debug|Any CPU
		{5EE705B4-1975-49AD-A6A6-6E301FB18E2D}.Debug|Any CPU.Build.0 = Debug|Any CPU
		{5EE705B4-1975-49AD-A6A6-6E301FB18E2D}.Release|Any CPU.ActiveCfg = Release|Any CPU
		{5EE705B4-1975-49AD-A6A6-6E301FB18E2D}.Release|Any CPU.Build.0 = Release|Any CPU
	EndGlobalSection
	GlobalSection(SolutionProperties) = preSolution
		HideSolutionNode = FALSE
	EndGlobalSection
	GlobalSection(NestedProjects) = preSolution
		{2D316E2E-CC0D-4501-8182-2C87B918027D} = {1C5BE8D0-1B77-42FA-9631-08ED330D2161}
		{5EE705B4-1975-49AD-A6A6-6E301FB18E2D} = {1C5BE8D0-1B77-42FA-9631-08ED330D2161}
	EndGlobalSection
	GlobalSection(ExtensibilityGlobals) = postSolution
		SolutionGuid = {6AAFCE57-7E51-4E9C-9D75-051C2109503F}
	EndGlobalSection
EndGlobal
